
Microsoft Visual Studio Solution File, Format Version 12.00
# Visual Studio Version 17
VisualStudioVersion = 17.11.35327.3
MinimumVisualStudioVersion = 10.0.40219.1
Project("{ACB47CA2-F70C-4B1E-81A1-97642363766C}") = "z3roco01.bait", "z3roco01.bait\z3roco01.bait.csproj", "{8F89540E-D2DF-4034-8B2B-5943F3B63B29}"
EndProject
Global
	GlobalSection(SolutionConfigurationPlatforms) = preSolution
		Debug|Any CPU = Debug|Any CPU
		Release|Any CPU = Release|Any CPU
	EndGlobalSection
	GlobalSection(ProjectConfigurationPlatforms) = postSolution
		{8F89540E-D2DF-4034-8B2B-5943F3B63B29}.Debug|Any CPU.ActiveCfg = Debug|Any CPU
		{8F89540E-D2DF-4034-8B2B-5943F3B63B29}.Debug|Any CPU.Build.0 = Debug|Any CPU
		{8F89540E-D2DF-4034-8B2B-5943F3B63B29}.Release|Any CPU.ActiveCfg = Release|Any CPU
		{8F89540E-D2DF-4034-8B2B-5943F3B63B29}.Release|Any CPU.Build.0 = Release|Any CPU
	EndGlobalSection
	GlobalSection(SolutionProperties) = preSolution
		HideSolutionNode = FALSE
	EndGlobalSection
	GlobalSection(ExtensibilityGlobals) = postSolution
		SolutionGuid = {5A87F0E8-64E9-4B0B-A58D-43116F591A2C}
	EndGlobalSection
EndGlobal
